{
    "_meta": {
        "hash": {
            "sha256": "fc974f57d1580c7088da7a9a70d8e93a7e05e19fe8591722941f4c0e6f0b4ec6"
        },
        "pipfile-spec": 6,
        "requires": {
            "python_version": "3.8"
        },
        "sources": [
            {
                "name": "pypi",
                "url": "https://pypi.org/simple",
                "verify_ssl": true
            }
        ]
    },
    "default": {
        "mysqlclient": {
            "hashes": [
                "sha256:5c008e74b1c4a42271172c35f28a698cf79a7cba5d2bc811125e963f28001c34",
                "sha256:6ad22de8ea3aba03ce1b202ed175e0c7a8b82fcdab8f57b1649c596550ed785a",
                "sha256:e80109b0ae8d952b900b31b623181532e5e89376d707dcbeb63f99e69cefe559"
            ],
            "index": "pypi",
            "version": "==1.4.5"
        }
    },
    "develop": {}
}
